
Microsoft Visual Studio Solution File, Format Version 12.00
# Visual Studio 15
VisualStudioVersion = 15.0.27703.2018
MinimumVisualStudioVersion = 10.0.40219.1
Project("{FAE04EC0-301F-11D3-BF4B-00C04F79EFBC}") = "Forces2019", "Forces2019\Forces2019.csproj", "{C7628FB5-F2E7-49C5-8A74-461815B0991E}"
EndProject
Global
	GlobalSection(SolutionConfigurationPlatforms) = preSolution
		Debug|Any CPU = Debug|Any CPU
		Release|Any CPU = Release|Any CPU
	EndGlobalSection
	GlobalSection(ProjectConfigurationPlatforms) = postSolution
		{C7628FB5-F2E7-49C5-8A74-461815B0991E}.Debug|Any CPU.ActiveCfg = Debug|Any CPU
		{C7628FB5-F2E7-49C5-8A74-461815B0991E}.Debug|Any CPU.Build.0 = Debug|Any CPU
		{C7628FB5-F2E7-49C5-8A74-461815B0991E}.Release|Any CPU.ActiveCfg = Release|Any CPU
		{C7628FB5-F2E7-49C5-8A74-461815B0991E}.Release|Any CPU.Build.0 = Release|Any CPU
	EndGlobalSection
	GlobalSection(SolutionProperties) = preSolution
		HideSolutionNode = FALSE
	EndGlobalSection
	GlobalSection(ExtensibilityGlobals) = postSolution
		SolutionGuid = {7F2FF5BF-DE6B-462A-90EF-F71DF5E5F2F2}
	EndGlobalSection
EndGlobal
